
Microsoft Visual Studio Solution File, Format Version 12.00
# Visual Studio 15
VisualStudioVersion = 15.0.28307.136
MinimumVisualStudioVersion = 10.0.40219.1
Project("{FAE04EC0-301F-11D3-BF4B-00C04F79EFBC}") = "App.Metrics.MetricRecorderFactory", "App.Metrics.MetricRecorderFactory\App.Metrics.MetricRecorderFactory.csproj", "{B4CFC530-EDEB-41C1-815A-381FAA1E9D56}"
EndProject
Global
	GlobalSection(SolutionConfigurationPlatforms) = preSolution
		Debug|Any CPU = Debug|Any CPU
		Release|Any CPU = Release|Any CPU
	EndGlobalSection
	GlobalSection(ProjectConfigurationPlatforms) = postSolution
		{B4CFC530-EDEB-41C1-815A-381FAA1E9D56}.Debug|Any CPU.ActiveCfg = Debug|Any CPU
		{B4CFC530-EDEB-41C1-815A-381FAA1E9D56}.Debug|Any CPU.Build.0 = Debug|Any CPU
		{B4CFC530-EDEB-41C1-815A-381FAA1E9D56}.Release|Any CPU.ActiveCfg = Release|Any CPU
		{B4CFC530-EDEB-41C1-815A-381FAA1E9D56}.Release|Any CPU.Build.0 = Release|Any CPU
	EndGlobalSection
	GlobalSection(SolutionProperties) = preSolution
		HideSolutionNode = FALSE
	EndGlobalSection
	GlobalSection(ExtensibilityGlobals) = postSolution
		SolutionGuid = {693F2363-D061-420D-927A-EA7FD893451E}
	EndGlobalSection
EndGlobal
